
Microsoft Visual Studio Solution File, Format Version 12.00
# Visual Studio 15
Project("{FAE04EC0-301F-11D3-BF4B-00C04F79EFBC}") = "Assembly-CSharp-firstpass", "Assembly-CSharp-firstpass.csproj", "{4E442441-DA41-EB2B-927E-9FF16BFEFAB6}"
EndProject
Project("{FAE04EC0-301F-11D3-BF4B-00C04F79EFBC}") = "Assembly-CSharp", "Assembly-CSharp.csproj", "{9EEA1E02-2B68-5F3B-9EC3-BDA472868805}"
EndProject
Project("{FAE04EC0-301F-11D3-BF4B-00C04F79EFBC}") = "Assembly-CSharp-Editor-firstpass", "Assembly-CSharp-Editor-firstpass.csproj", "{9E5DC566-FC43-F99E-09AD-887AD66E5D2C}"
EndProject
Global
	GlobalSection(SolutionConfigurationPlatforms) = preSolution
		Debug|Any CPU = Debug|Any CPU
		Release|Any CPU = Release|Any CPU
	EndGlobalSection
	GlobalSection(ProjectConfigurationPlatforms) = postSolution
		{4E442441-DA41-EB2B-927E-9FF16BFEFAB6}.Debug|Any CPU.ActiveCfg = Debug|Any CPU
		{4E442441-DA41-EB2B-927E-9FF16BFEFAB6}.Debug|Any CPU.Build.0 = Debug|Any CPU
		{4E442441-DA41-EB2B-927E-9FF16BFEFAB6}.Release|Any CPU.ActiveCfg = Release|Any CPU
		{4E442441-DA41-EB2B-927E-9FF16BFEFAB6}.Release|Any CPU.Build.0 = Release|Any CPU
		{9EEA1E02-2B68-5F3B-9EC3-BDA472868805}.Debug|Any CPU.ActiveCfg = Debug|Any CPU
		{9EEA1E02-2B68-5F3B-9EC3-BDA472868805}.Debug|Any CPU.Build.0 = Debug|Any CPU
		{9EEA1E02-2B68-5F3B-9EC3-BDA472868805}.Release|Any CPU.ActiveCfg = Release|Any CPU
		{9EEA1E02-2B68-5F3B-9EC3-BDA472868805}.Release|Any CPU.Build.0 = Release|Any CPU
		{9E5DC566-FC43-F99E-09AD-887AD66E5D2C}.Debug|Any CPU.ActiveCfg = Debug|Any CPU
		{9E5DC566-FC43-F99E-09AD-887AD66E5D2C}.Debug|Any CPU.Build.0 = Debug|Any CPU
		{9E5DC566-FC43-F99E-09AD-887AD66E5D2C}.Release|Any CPU.ActiveCfg = Release|Any CPU
		{9E5DC566-FC43-F99E-09AD-887AD66E5D2C}.Release|Any CPU.Build.0 = Release|Any CPU
	EndGlobalSection
	GlobalSection(SolutionProperties) = preSolution
		HideSolutionNode = FALSE
	EndGlobalSection
EndGlobal
